
Microsoft Visual Studio Solution File, Format Version 12.00
# Visual Studio 2013
VisualStudioVersion = 12.0.21005.1
MinimumVisualStudioVersion = 10.0.40219.1
Project("{F184B08F-C81C-45F6-A57F-5ABD9991F28F}") = "XML_DeDupe", "XML_DeDupe\XML_DeDupe.vbproj", "{F80E2365-9F9D-492D-A7FF-C57D7B78E3DE}"
EndProject
Global
	GlobalSection(SolutionConfigurationPlatforms) = preSolution
		Debug|Any CPU = Debug|Any CPU
		Release|Any CPU = Release|Any CPU
	EndGlobalSection
	GlobalSection(ProjectConfigurationPlatforms) = postSolution
		{F80E2365-9F9D-492D-A7FF-C57D7B78E3DE}.Debug|Any CPU.ActiveCfg = Debug|Any CPU
		{F80E2365-9F9D-492D-A7FF-C57D7B78E3DE}.Debug|Any CPU.Build.0 = Debug|Any CPU
		{F80E2365-9F9D-492D-A7FF-C57D7B78E3DE}.Release|Any CPU.ActiveCfg = Release|Any CPU
		{F80E2365-9F9D-492D-A7FF-C57D7B78E3DE}.Release|Any CPU.Build.0 = Release|Any CPU
	EndGlobalSection
	GlobalSection(SolutionProperties) = preSolution
		HideSolutionNode = FALSE
	EndGlobalSection
EndGlobal
